
Microsoft Visual Studio Solution File, Format Version 12.00
# Visual Studio 15
VisualStudioVersion = 15.0.26124.0
MinimumVisualStudioVersion = 15.0.26124.0
Project("{FAE04EC0-301F-11D3-BF4B-00C04F79EFBC}") = "HelloPhotino.3d", "Photino.HelloPhotino.3d\HelloPhotino.3d.csproj", "{DAFB86BB-4D85-4537-A188-C42390CED35C}"
EndProject
Project("{FAE04EC0-301F-11D3-BF4B-00C04F79EFBC}") = "HelloPhotino.3d.React", "Photino.HelloPhotino.3d.React\HelloPhotino.3d.React.csproj", "{6E47E5F3-97D9-4182-AE45-F18BEBAF3580}"
EndProject
Project("{FAE04EC0-301F-11D3-BF4B-00C04F79EFBC}") = "HelloPhotino.AdvancedNET", "Photino.HelloPhotino.AdvancedNET\HelloPhotino.AdvancedNET.csproj", "{4A30147A-C1FB-46C6-8643-8794DC150AD4}"
EndProject
Project("{FAE04EC0-301F-11D3-BF4B-00C04F79EFBC}") = "HelloPhotino.Angular", "Photino.HelloPhotino.Angular\HelloPhotino.Angular.csproj", "{0D88C401-332D-4153-B17D-95781B21B04F}"
EndProject
Project("{2150E333-8FDC-42A3-9474-1A3956D46DE8}") = "Photino.HelloPhotino.AppWithAPI", "Photino.HelloPhotino.AppWithAPI", "{6923EFBD-24EB-4A93-9927-07757BE00991}"
EndProject
Project("{FAE04EC0-301F-11D3-BF4B-00C04F79EFBC}") = "PhotinoAPI", "Photino.HelloPhotino.AppWithAPI\PhotinoAPI\PhotinoAPI.csproj", "{CDA6766A-4D3C-459A-A47B-42449B77293F}"
EndProject
Project("{FAE04EC0-301F-11D3-BF4B-00C04F79EFBC}") = "PhotinoApp", "Photino.HelloPhotino.AppWithAPI\PhotinoApp\PhotinoApp.csproj", "{E9E1EE94-5995-4DE1-99CF-018CAD8C3484}"
EndProject
Project("{FAE04EC0-301F-11D3-BF4B-00C04F79EFBC}") = "HelloPhotino.Blazor", "Photino.HelloPhotino.Blazor\HelloPhotino.Blazor.csproj", "{9A61F681-D171-40F0-9ECB-2EC9DEDFD601}"
EndProject
Project("{FAE04EC0-301F-11D3-BF4B-00C04F79EFBC}") = "HelloPhotino.GRpc", "Photino.HelloPhotino.GRpc\HelloPhotino.GRpc.csproj", "{CA815EBF-FD8C-4989-A945-7DB1AB2387FA}"
EndProject
Project("{FAE04EC0-301F-11D3-BF4B-00C04F79EFBC}") = "HelloPhotino.MultiWindow", "Photino.HelloPhotino.MultiWindow\HelloPhotino.MultiWindow.csproj", "{ABDCE7B5-DD5A-4F5B-87DF-30CDBEF28F46}"
EndProject
Project("{FAE04EC0-301F-11D3-BF4B-00C04F79EFBC}") = "HelloPhotino.NET", "Photino.HelloPhotino.NET\HelloPhotino.NET.csproj", "{DFEA3653-3B04-4199-9134-3F4BE2AB14F8}"
EndProject
Project("{FAE04EC0-301F-11D3-BF4B-00C04F79EFBC}") = "HelloPhotino.React", "Photino.HelloPhotino.React\HelloPhotino.React.csproj", "{60445E9B-66FE-43AA-8903-46D308DBECD8}"
EndProject
Project("{FAE04EC0-301F-11D3-BF4B-00C04F79EFBC}") = "HelloPhotino.Vue", "Photino.HelloPhotino.Vue\HelloPhotino.Vue.csproj", "{A13BF6DF-AE71-4FAB-A890-FBE4F769A740}"
EndProject
Global
	GlobalSection(SolutionConfigurationPlatforms) = preSolution
		Debug|Any CPU = Debug|Any CPU
		Debug|x64 = Debug|x64
		Debug|x86 = Debug|x86
		Release|Any CPU = Release|Any CPU
		Release|x64 = Release|x64
		Release|x86 = Release|x86
	EndGlobalSection
	GlobalSection(SolutionProperties) = preSolution
		HideSolutionNode = FALSE
	EndGlobalSection
	GlobalSection(ProjectConfigurationPlatforms) = postSolution
		{DAFB86BB-4D85-4537-A188-C42390CED35C}.Debug|Any CPU.ActiveCfg = Debug|Any CPU
		{DAFB86BB-4D85-4537-A188-C42390CED35C}.Debug|Any CPU.Build.0 = Debug|Any CPU
		{DAFB86BB-4D85-4537-A188-C42390CED35C}.Debug|x64.ActiveCfg = Debug|Any CPU
		{DAFB86BB-4D85-4537-A188-C42390CED35C}.Debug|x64.Build.0 = Debug|Any CPU
		{DAFB86BB-4D85-4537-A188-C42390CED35C}.Debug|x86.ActiveCfg = Debug|Any CPU
		{DAFB86BB-4D85-4537-A188-C42390CED35C}.Debug|x86.Build.0 = Debug|Any CPU
		{DAFB86BB-4D85-4537-A188-C42390CED35C}.Release|Any CPU.ActiveCfg = Release|Any CPU
		{DAFB86BB-4D85-4537-A188-C42390CED35C}.Release|Any CPU.Build.0 = Release|Any CPU
		{DAFB86BB-4D85-4537-A188-C42390CED35C}.Release|x64.ActiveCfg = Release|Any CPU
		{DAFB86BB-4D85-4537-A188-C42390CED35C}.Release|x64.Build.0 = Release|Any CPU
		{DAFB86BB-4D85-4537-A188-C42390CED35C}.Release|x86.ActiveCfg = Release|Any CPU
		{DAFB86BB-4D85-4537-A188-C42390CED35C}.Release|x86.Build.0 = Release|Any CPU
		{6E47E5F3-97D9-4182-AE45-F18BEBAF3580}.Debug|Any CPU.ActiveCfg = Debug|Any CPU
		{6E47E5F3-97D9-4182-AE45-F18BEBAF3580}.Debug|Any CPU.Build.0 = Debug|Any CPU
		{6E47E5F3-97D9-4182-AE45-F18BEBAF3580}.Debug|x64.ActiveCfg = Debug|x64
		{6E47E5F3-97D9-4182-AE45-F18BEBAF3580}.Debug|x64.Build.0 = Debug|x64
		{6E47E5F3-97D9-4182-AE45-F18BEBAF3580}.Debug|x86.ActiveCfg = Debug|Any CPU
		{6E47E5F3-97D9-4182-AE45-F18BEBAF3580}.Debug|x86.Build.0 = Debug|Any CPU
		{6E47E5F3-97D9-4182-AE45-F18BEBAF3580}.Release|Any CPU.ActiveCfg = Release|Any CPU
		{6E47E5F3-97D9-4182-AE45-F18BEBAF3580}.Release|Any CPU.Build.0 = Release|Any CPU
		{6E47E5F3-97D9-4182-AE45-F18BEBAF3580}.Release|x64.ActiveCfg = Release|x64
		{6E47E5F3-97D9-4182-AE45-F18BEBAF3580}.Release|x64.Build.0 = Release|x64
		{6E47E5F3-97D9-4182-AE45-F18BEBAF3580}.Release|x86.ActiveCfg = Release|Any CPU
		{6E47E5F3-97D9-4182-AE45-F18BEBAF3580}.Release|x86.Build.0 = Release|Any CPU
		{4A30147A-C1FB-46C6-8643-8794DC150AD4}.Debug|Any CPU.ActiveCfg = Debug|Any CPU
		{4A30147A-C1FB-46C6-8643-8794DC150AD4}.Debug|Any CPU.Build.0 = Debug|Any CPU
		{4A30147A-C1FB-46C6-8643-8794DC150AD4}.Debug|x64.ActiveCfg = Debug|x64
		{4A30147A-C1FB-46C6-8643-8794DC150AD4}.Debug|x64.Build.0 = Debug|x64
		{4A30147A-C1FB-46C6-8643-8794DC150AD4}.Debug|x86.ActiveCfg = Debug|Any CPU
		{4A30147A-C1FB-46C6-8643-8794DC150AD4}.Debug|x86.Build.0 = Debug|Any CPU
		{4A30147A-C1FB-46C6-8643-8794DC150AD4}.Release|Any CPU.ActiveCfg = Release|Any CPU
		{4A30147A-C1FB-46C6-8643-8794DC150AD4}.Release|Any CPU.Build.0 = Release|Any CPU
		{4A30147A-C1FB-46C6-8643-8794DC150AD4}.Release|x64.ActiveCfg = Release|x64
		{4A30147A-C1FB-46C6-8643-8794DC150AD4}.Release|x64.Build.0 = Release|x64
		{4A30147A-C1FB-46C6-8643-8794DC150AD4}.Release|x86.ActiveCfg = Release|Any CPU
		{4A30147A-C1FB-46C6-8643-8794DC150AD4}.Release|x86.Build.0 = Release|Any CPU
		{0D88C401-332D-4153-B17D-95781B21B04F}.Debug|Any CPU.ActiveCfg = Debug|Any CPU
		{0D88C401-332D-4153-B17D-95781B21B04F}.Debug|Any CPU.Build.0 = Debug|Any CPU
		{0D88C401-332D-4153-B17D-95781B21B04F}.Debug|x64.ActiveCfg = Debug|x64
		{0D88C401-332D-4153-B17D-95781B21B04F}.Debug|x64.Build.0 = Debug|x64
		{0D88C401-332D-4153-B17D-95781B21B04F}.Debug|x86.ActiveCfg = Debug|Any CPU
		{0D88C401-332D-4153-B17D-95781B21B04F}.Debug|x86.Build.0 = Debug|Any CPU
		{0D88C401-332D-4153-B17D-95781B21B04F}.Release|Any CPU.ActiveCfg = Release|Any CPU
		{0D88C401-332D-4153-B17D-95781B21B04F}.Release|Any CPU.Build.0 = Release|Any CPU
		{0D88C401-332D-4153-B17D-95781B21B04F}.Release|x64.ActiveCfg = Release|x64
		{0D88C401-332D-4153-B17D-95781B21B04F}.Release|x64.Build.0 = Release|x64
		{0D88C401-332D-4153-B17D-95781B21B04F}.Release|x86.ActiveCfg = Release|Any CPU
		{0D88C401-332D-4153-B17D-95781B21B04F}.Release|x86.Build.0 = Release|Any CPU
		{CDA6766A-4D3C-459A-A47B-42449B77293F}.Debug|Any CPU.ActiveCfg = Debug|Any CPU
		{CDA6766A-4D3C-459A-A47B-42449B77293F}.Debug|Any CPU.Build.0 = Debug|Any CPU
		{CDA6766A-4D3C-459A-A47B-42449B77293F}.Debug|x64.ActiveCfg = Debug|Any CPU
		{CDA6766A-4D3C-459A-A47B-42449B77293F}.Debug|x64.Build.0 = Debug|Any CPU
		{CDA6766A-4D3C-459A-A47B-42449B77293F}.Debug|x86.ActiveCfg = Debug|Any CPU
		{CDA6766A-4D3C-459A-A47B-42449B77293F}.Debug|x86.Build.0 = Debug|Any CPU
		{CDA6766A-4D3C-459A-A47B-42449B77293F}.Release|Any CPU.ActiveCfg = Release|Any CPU
		{CDA6766A-4D3C-459A-A47B-42449B77293F}.Release|Any CPU.Build.0 = Release|Any CPU
		{CDA6766A-4D3C-459A-A47B-42449B77293F}.Release|x64.ActiveCfg = Release|Any CPU
		{CDA6766A-4D3C-459A-A47B-42449B77293F}.Release|x64.Build.0 = Release|Any CPU
		{CDA6766A-4D3C-459A-A47B-42449B77293F}.Release|x86.ActiveCfg = Release|Any CPU
		{CDA6766A-4D3C-459A-A47B-42449B77293F}.Release|x86.Build.0 = Release|Any CPU
		{E9E1EE94-5995-4DE1-99CF-018CAD8C3484}.Debug|Any CPU.ActiveCfg = Debug|Any CPU
		{E9E1EE94-5995-4DE1-99CF-018CAD8C3484}.Debug|Any CPU.Build.0 = Debug|Any CPU
		{E9E1EE94-5995-4DE1-99CF-018CAD8C3484}.Debug|x64.ActiveCfg = Debug|Any CPU
		{E9E1EE94-5995-4DE1-99CF-018CAD8C3484}.Debug|x64.Build.0 = Debug|Any CPU
		{E9E1EE94-5995-4DE1-99CF-018CAD8C3484}.Debug|x86.ActiveCfg = Debug|Any CPU
		{E9E1EE94-5995-4DE1-99CF-018CAD8C3484}.Debug|x86.Build.0 = Debug|Any CPU
		{E9E1EE94-5995-4DE1-99CF-018CAD8C3484}.Release|Any CPU.ActiveCfg = Release|Any CPU
		{E9E1EE94-5995-4DE1-99CF-018CAD8C3484}.Release|Any CPU.Build.0 = Release|Any CPU
		{E9E1EE94-5995-4DE1-99CF-018CAD8C3484}.Release|x64.ActiveCfg = Release|Any CPU
		{E9E1EE94-5995-4DE1-99CF-018CAD8C3484}.Release|x64.Build.0 = Release|Any CPU
		{E9E1EE94-5995-4DE1-99CF-018CAD8C3484}.Release|x86.ActiveCfg = Release|Any CPU
		{E9E1EE94-5995-4DE1-99CF-018CAD8C3484}.Release|x86.Build.0 = Release|Any CPU
		{9A61F681-D171-40F0-9ECB-2EC9DEDFD601}.Debug|Any CPU.ActiveCfg = Debug|Any CPU
		{9A61F681-D171-40F0-9ECB-2EC9DEDFD601}.Debug|Any CPU.Build.0 = Debug|Any CPU
		{9A61F681-D171-40F0-9ECB-2EC9DEDFD601}.Debug|x64.ActiveCfg = Debug|Any CPU
		{9A61F681-D171-40F0-9ECB-2EC9DEDFD601}.Debug|x64.Build.0 = Debug|Any CPU
		{9A61F681-D171-40F0-9ECB-2EC9DEDFD601}.Debug|x86.ActiveCfg = Debug|Any CPU
		{9A61F681-D171-40F0-9ECB-2EC9DEDFD601}.Debug|x86.Build.0 = Debug|Any CPU
		{9A61F681-D171-40F0-9ECB-2EC9DEDFD601}.Release|Any CPU.ActiveCfg = Release|Any CPU
		{9A61F681-D171-40F0-9ECB-2EC9DEDFD601}.Release|Any CPU.Build.0 = Release|Any CPU
		{9A61F681-D171-40F0-9ECB-2EC9DEDFD601}.Release|x64.ActiveCfg = Release|Any CPU
		{9A61F681-D171-40F0-9ECB-2EC9DEDFD601}.Release|x64.Build.0 = Release|Any CPU
		{9A61F681-D171-40F0-9ECB-2EC9DEDFD601}.Release|x86.ActiveCfg = Release|Any CPU
		{9A61F681-D171-40F0-9ECB-2EC9DEDFD601}.Release|x86.Build.0 = Release|Any CPU
		{CA815EBF-FD8C-4989-A945-7DB1AB2387FA}.Debug|Any CPU.ActiveCfg = Debug|Any CPU
		{CA815EBF-FD8C-4989-A945-7DB1AB2387FA}.Debug|Any CPU.Build.0 = Debug|Any CPU
		{CA815EBF-FD8C-4989-A945-7DB1AB2387FA}.Debug|x64.ActiveCfg = Debug|Any CPU
		{CA815EBF-FD8C-4989-A945-7DB1AB2387FA}.Debug|x64.Build.0 = Debug|Any CPU
		{CA815EBF-FD8C-4989-A945-7DB1AB2387FA}.Debug|x86.ActiveCfg = Debug|Any CPU
		{CA815EBF-FD8C-4989-A945-7DB1AB2387FA}.Debug|x86.Build.0 = Debug|Any CPU
		{CA815EBF-FD8C-4989-A945-7DB1AB2387FA}.Release|Any CPU.ActiveCfg = Release|Any CPU
		{CA815EBF-FD8C-4989-A945-7DB1AB2387FA}.Release|Any CPU.Build.0 = Release|Any CPU
		{CA815EBF-FD8C-4989-A945-7DB1AB2387FA}.Release|x64.ActiveCfg = Release|Any CPU
		{CA815EBF-FD8C-4989-A945-7DB1AB2387FA}.Release|x64.Build.0 = Release|Any CPU
		{CA815EBF-FD8C-4989-A945-7DB1AB2387FA}.Release|x86.ActiveCfg = Release|Any CPU
		{CA815EBF-FD8C-4989-A945-7DB1AB2387FA}.Release|x86.Build.0 = Release|Any CPU
		{ABDCE7B5-DD5A-4F5B-87DF-30CDBEF28F46}.Debug|Any CPU.ActiveCfg = Debug|Any CPU
		{ABDCE7B5-DD5A-4F5B-87DF-30CDBEF28F46}.Debug|Any CPU.Build.0 = Debug|Any CPU
		{ABDCE7B5-DD5A-4F5B-87DF-30CDBEF28F46}.Debug|x64.ActiveCfg = Debug|Any CPU
		{ABDCE7B5-DD5A-4F5B-87DF-30CDBEF28F46}.Debug|x64.Build.0 = Debug|Any CPU
		{ABDCE7B5-DD5A-4F5B-87DF-30CDBEF28F46}.Debug|x86.ActiveCfg = Debug|Any CPU
		{ABDCE7B5-DD5A-4F5B-87DF-30CDBEF28F46}.Debug|x86.Build.0 = Debug|Any CPU
		{ABDCE7B5-DD5A-4F5B-87DF-30CDBEF28F46}.Release|Any CPU.ActiveCfg = Release|Any CPU
		{ABDCE7B5-DD5A-4F5B-87DF-30CDBEF28F46}.Release|Any CPU.Build.0 = Release|Any CPU
		{ABDCE7B5-DD5A-4F5B-87DF-30CDBEF28F46}.Release|x64.ActiveCfg = Release|Any CPU
		{ABDCE7B5-DD5A-4F5B-87DF-30CDBEF28F46}.Release|x64.Build.0 = Release|Any CPU
		{ABDCE7B5-DD5A-4F5B-87DF-30CDBEF28F46}.Release|x86.ActiveCfg = Release|Any CPU
		{ABDCE7B5-DD5A-4F5B-87DF-30CDBEF28F46}.Release|x86.Build.0 = Release|Any CPU
		{DFEA3653-3B04-4199-9134-3F4BE2AB14F8}.Debug|Any CPU.ActiveCfg = Debug|Any CPU
		{DFEA3653-3B04-4199-9134-3F4BE2AB14F8}.Debug|Any CPU.Build.0 = Debug|Any CPU
		{DFEA3653-3B04-4199-9134-3F4BE2AB14F8}.Debug|x64.ActiveCfg = Debug|x64
		{DFEA3653-3B04-4199-9134-3F4BE2AB14F8}.Debug|x64.Build.0 = Debug|x64
		{DFEA3653-3B04-4199-9134-3F4BE2AB14F8}.Debug|x86.ActiveCfg = Debug|Any CPU
		{DFEA3653-3B04-4199-9134-3F4BE2AB14F8}.Debug|x86.Build.0 = Debug|Any CPU
		{DFEA3653-3B04-4199-9134-3F4BE2AB14F8}.Release|Any CPU.ActiveCfg = Release|Any CPU
		{DFEA3653-3B04-4199-9134-3F4BE2AB14F8}.Release|Any CPU.Build.0 = Release|Any CPU
		{DFEA3653-3B04-4199-9134-3F4BE2AB14F8}.Release|x64.ActiveCfg = Release|x64
		{DFEA3653-3B04-4199-9134-3F4BE2AB14F8}.Release|x64.Build.0 = Release|x64
		{DFEA3653-3B04-4199-9134-3F4BE2AB14F8}.Release|x86.ActiveCfg = Release|Any CPU
		{DFEA3653-3B04-4199-9134-3F4BE2AB14F8}.Release|x86.Build.0 = Release|Any CPU
		{60445E9B-66FE-43AA-8903-46D308DBECD8}.Debug|Any CPU.ActiveCfg = Debug|Any CPU
		{60445E9B-66FE-43AA-8903-46D308DBECD8}.Debug|Any CPU.Build.0 = Debug|Any CPU
		{60445E9B-66FE-43AA-8903-46D308DBECD8}.Debug|x64.ActiveCfg = Debug|x64
		{60445E9B-66FE-43AA-8903-46D308DBECD8}.Debug|x64.Build.0 = Debug|x64
		{60445E9B-66FE-43AA-8903-46D308DBECD8}.Debug|x86.ActiveCfg = Debug|Any CPU
		{60445E9B-66FE-43AA-8903-46D308DBECD8}.Debug|x86.Build.0 = Debug|Any CPU
		{60445E9B-66FE-43AA-8903-46D308DBECD8}.Release|Any CPU.ActiveCfg = Release|Any CPU
		{60445E9B-66FE-43AA-8903-46D308DBECD8}.Release|Any CPU.Build.0 = Release|Any CPU
		{60445E9B-66FE-43AA-8903-46D308DBECD8}.Release|x64.ActiveCfg = Release|x64
		{60445E9B-66FE-43AA-8903-46D308DBECD8}.Release|x64.Build.0 = Release|x64
		{60445E9B-66FE-43AA-8903-46D308DBECD8}.Release|x86.ActiveCfg = Release|Any CPU
		{60445E9B-66FE-43AA-8903-46D308DBECD8}.Release|x86.Build.0 = Release|Any CPU
		{A13BF6DF-AE71-4FAB-A890-FBE4F769A740}.Debug|Any CPU.ActiveCfg = Debug|Any CPU
		{A13BF6DF-AE71-4FAB-A890-FBE4F769A740}.Debug|Any CPU.Build.0 = Debug|Any CPU
		{A13BF6DF-AE71-4FAB-A890-FBE4F769A740}.Debug|x64.ActiveCfg = Debug|x64
		{A13BF6DF-AE71-4FAB-A890-FBE4F769A740}.Debug|x64.Build.0 = Debug|x64
		{A13BF6DF-AE71-4FAB-A890-FBE4F769A740}.Debug|x86.ActiveCfg = Debug|Any CPU
		{A13BF6DF-AE71-4FAB-A890-FBE4F769A740}.Debug|x86.Build.0 = Debug|Any CPU
		{A13BF6DF-AE71-4FAB-A890-FBE4F769A740}.Release|Any CPU.ActiveCfg = Release|Any CPU
		{A13BF6DF-AE71-4FAB-A890-FBE4F769A740}.Release|Any CPU.Build.0 = Release|Any CPU
		{A13BF6DF-AE71-4FAB-A890-FBE4F769A740}.Release|x64.ActiveCfg = Release|x64
		{A13BF6DF-AE71-4FAB-A890-FBE4F769A740}.Release|x64.Build.0 = Release|x64
		{A13BF6DF-AE71-4FAB-A890-FBE4F769A740}.Release|x86.ActiveCfg = Release|Any CPU
		{A13BF6DF-AE71-4FAB-A890-FBE4F769A740}.Release|x86.Build.0 = Release|Any CPU
	EndGlobalSection
	GlobalSection(NestedProjects) = preSolution
		{CDA6766A-4D3C-459A-A47B-42449B77293F} = {6923EFBD-24EB-4A93-9927-07757BE00991}
		{E9E1EE94-5995-4DE1-99CF-018CAD8C3484} = {6923EFBD-24EB-4A93-9927-07757BE00991}
	EndGlobalSection
EndGlobal
