
Microsoft Visual Studio Solution File, Format Version 12.00
# Visual Studio Version 17
VisualStudioVersion = 17.0.32112.339
MinimumVisualStudioVersion = 15.0.26124.0
Project("{9A19103F-16F7-4668-BE54-9A1E7A4F7556}") = "HelloPhotino.3d", "Photino.HelloPhotino.3d\HelloPhotino.3d.csproj", "{DAFB86BB-4D85-4537-A188-C42390CED35C}"
EndProject
Project("{9A19103F-16F7-4668-BE54-9A1E7A4F7556}") = "HelloPhotino.3d.React", "Photino.HelloPhotino.3d.React\HelloPhotino.3d.React.csproj", "{6E47E5F3-97D9-4182-AE45-F18BEBAF3580}"
EndProject
Project("{9A19103F-16F7-4668-BE54-9A1E7A4F7556}") = "HelloPhotino.Angular", "Photino.HelloPhotino.Angular\HelloPhotino.Angular.csproj", "{0D88C401-332D-4153-B17D-95781B21B04F}"
EndProject
Project("{9A19103F-16F7-4668-BE54-9A1E7A4F7556}") = "HelloPhotino.GRpc", "Photino.HelloPhotino.GRpc\HelloPhotino.GRpc.csproj", "{CA815EBF-FD8C-4989-A945-7DB1AB2387FA}"
EndProject
Project("{9A19103F-16F7-4668-BE54-9A1E7A4F7556}") = "HelloPhotino.MultiWindow", "Photino.HelloPhotino.MultiWindow\HelloPhotino.MultiWindow.csproj", "{ABDCE7B5-DD5A-4F5B-87DF-30CDBEF28F46}"
EndProject
Project("{9A19103F-16F7-4668-BE54-9A1E7A4F7556}") = "HelloPhotino.NET", "Photino.HelloPhotino.NET\HelloPhotino.NET.csproj", "{DFEA3653-3B04-4199-9134-3F4BE2AB14F8}"
EndProject
Project("{9A19103F-16F7-4668-BE54-9A1E7A4F7556}") = "HelloPhotino.React", "Photino.HelloPhotino.React\HelloPhotino.React.csproj", "{60445E9B-66FE-43AA-8903-46D308DBECD8}"
EndProject
Project("{9A19103F-16F7-4668-BE54-9A1E7A4F7556}") = "HelloPhotino.Vue", "Photino.HelloPhotino.Vue\HelloPhotino.Vue.csproj", "{A13BF6DF-AE71-4FAB-A890-FBE4F769A740}"
EndProject
Project("{9A19103F-16F7-4668-BE54-9A1E7A4F7556}") = "HelloPhotino.TestBench", "Photino.HelloPhotino.TestBench\HelloPhotino.TestBench.csproj", "{3BA4461F-BBF2-4D91-8B7B-B8F394BB66D5}"
EndProject
Project("{9A19103F-16F7-4668-BE54-9A1E7A4F7556}") = "HelloPhotino.Blazor", "Photino.HelloPhotino.Blazor\HelloPhotino.Blazor.csproj", "{68578E36-1A89-4BC1-BBB5-9CD490E34DBF}"
EndProject
Global
	GlobalSection(SolutionConfigurationPlatforms) = preSolution
		Debug|Any CPU = Debug|Any CPU
		Debug|x64 = Debug|x64
		Debug|x86 = Debug|x86
		Release|Any CPU = Release|Any CPU
		Release|x64 = Release|x64
		Release|x86 = Release|x86
	EndGlobalSection
	GlobalSection(ProjectConfigurationPlatforms) = postSolution
		{DAFB86BB-4D85-4537-A188-C42390CED35C}.Debug|Any CPU.ActiveCfg = Debug|Any CPU
		{DAFB86BB-4D85-4537-A188-C42390CED35C}.Debug|Any CPU.Build.0 = Debug|Any CPU
		{DAFB86BB-4D85-4537-A188-C42390CED35C}.Debug|x64.ActiveCfg = Debug|Any CPU
		{DAFB86BB-4D85-4537-A188-C42390CED35C}.Debug|x64.Build.0 = Debug|Any CPU
		{DAFB86BB-4D85-4537-A188-C42390CED35C}.Debug|x86.ActiveCfg = Debug|Any CPU
		{DAFB86BB-4D85-4537-A188-C42390CED35C}.Debug|x86.Build.0 = Debug|Any CPU
		{DAFB86BB-4D85-4537-A188-C42390CED35C}.Release|Any CPU.ActiveCfg = Release|Any CPU
		{DAFB86BB-4D85-4537-A188-C42390CED35C}.Release|Any CPU.Build.0 = Release|Any CPU
		{DAFB86BB-4D85-4537-A188-C42390CED35C}.Release|x64.ActiveCfg = Release|Any CPU
		{DAFB86BB-4D85-4537-A188-C42390CED35C}.Release|x64.Build.0 = Release|Any CPU
		{DAFB86BB-4D85-4537-A188-C42390CED35C}.Release|x86.ActiveCfg = Release|Any CPU
		{DAFB86BB-4D85-4537-A188-C42390CED35C}.Release|x86.Build.0 = Release|Any CPU
		{6E47E5F3-97D9-4182-AE45-F18BEBAF3580}.Debug|Any CPU.ActiveCfg = Debug|Any CPU
		{6E47E5F3-97D9-4182-AE45-F18BEBAF3580}.Debug|Any CPU.Build.0 = Debug|Any CPU
		{6E47E5F3-97D9-4182-AE45-F18BEBAF3580}.Debug|x64.ActiveCfg = Debug|x64
		{6E47E5F3-97D9-4182-AE45-F18BEBAF3580}.Debug|x64.Build.0 = Debug|x64
		{6E47E5F3-97D9-4182-AE45-F18BEBAF3580}.Debug|x86.ActiveCfg = Debug|Any CPU
		{6E47E5F3-97D9-4182-AE45-F18BEBAF3580}.Debug|x86.Build.0 = Debug|Any CPU
		{6E47E5F3-97D9-4182-AE45-F18BEBAF3580}.Release|Any CPU.ActiveCfg = Release|Any CPU
		{6E47E5F3-97D9-4182-AE45-F18BEBAF3580}.Release|Any CPU.Build.0 = Release|Any CPU
		{6E47E5F3-97D9-4182-AE45-F18BEBAF3580}.Release|x64.ActiveCfg = Release|x64
		{6E47E5F3-97D9-4182-AE45-F18BEBAF3580}.Release|x64.Build.0 = Release|x64
		{6E47E5F3-97D9-4182-AE45-F18BEBAF3580}.Release|x86.ActiveCfg = Release|Any CPU
		{6E47E5F3-97D9-4182-AE45-F18BEBAF3580}.Release|x86.Build.0 = Release|Any CPU
		{0D88C401-332D-4153-B17D-95781B21B04F}.Debug|Any CPU.ActiveCfg = Debug|Any CPU
		{0D88C401-332D-4153-B17D-95781B21B04F}.Debug|Any CPU.Build.0 = Debug|Any CPU
		{0D88C401-332D-4153-B17D-95781B21B04F}.Debug|x64.ActiveCfg = Debug|x64
		{0D88C401-332D-4153-B17D-95781B21B04F}.Debug|x64.Build.0 = Debug|x64
		{0D88C401-332D-4153-B17D-95781B21B04F}.Debug|x86.ActiveCfg = Debug|Any CPU
		{0D88C401-332D-4153-B17D-95781B21B04F}.Debug|x86.Build.0 = Debug|Any CPU
		{0D88C401-332D-4153-B17D-95781B21B04F}.Release|Any CPU.ActiveCfg = Release|Any CPU
		{0D88C401-332D-4153-B17D-95781B21B04F}.Release|Any CPU.Build.0 = Release|Any CPU
		{0D88C401-332D-4153-B17D-95781B21B04F}.Release|x64.ActiveCfg = Release|x64
		{0D88C401-332D-4153-B17D-95781B21B04F}.Release|x64.Build.0 = Release|x64
		{0D88C401-332D-4153-B17D-95781B21B04F}.Release|x86.ActiveCfg = Release|Any CPU
		{0D88C401-332D-4153-B17D-95781B21B04F}.Release|x86.Build.0 = Release|Any CPU
		{CA815EBF-FD8C-4989-A945-7DB1AB2387FA}.Debug|Any CPU.ActiveCfg = Debug|Any CPU
		{CA815EBF-FD8C-4989-A945-7DB1AB2387FA}.Debug|Any CPU.Build.0 = Debug|Any CPU
		{CA815EBF-FD8C-4989-A945-7DB1AB2387FA}.Debug|x64.ActiveCfg = Debug|Any CPU
		{CA815EBF-FD8C-4989-A945-7DB1AB2387FA}.Debug|x64.Build.0 = Debug|Any CPU
		{CA815EBF-FD8C-4989-A945-7DB1AB2387FA}.Debug|x86.ActiveCfg = Debug|Any CPU
		{CA815EBF-FD8C-4989-A945-7DB1AB2387FA}.Debug|x86.Build.0 = Debug|Any CPU
		{CA815EBF-FD8C-4989-A945-7DB1AB2387FA}.Release|Any CPU.ActiveCfg = Release|Any CPU
		{CA815EBF-FD8C-4989-A945-7DB1AB2387FA}.Release|Any CPU.Build.0 = Release|Any CPU
		{CA815EBF-FD8C-4989-A945-7DB1AB2387FA}.Release|x64.ActiveCfg = Release|Any CPU
		{CA815EBF-FD8C-4989-A945-7DB1AB2387FA}.Release|x64.Build.0 = Release|Any CPU
		{CA815EBF-FD8C-4989-A945-7DB1AB2387FA}.Release|x86.ActiveCfg = Release|Any CPU
		{CA815EBF-FD8C-4989-A945-7DB1AB2387FA}.Release|x86.Build.0 = Release|Any CPU
		{ABDCE7B5-DD5A-4F5B-87DF-30CDBEF28F46}.Debug|Any CPU.ActiveCfg = Debug|Any CPU
		{ABDCE7B5-DD5A-4F5B-87DF-30CDBEF28F46}.Debug|Any CPU.Build.0 = Debug|Any CPU
		{ABDCE7B5-DD5A-4F5B-87DF-30CDBEF28F46}.Debug|x64.ActiveCfg = Debug|Any CPU
		{ABDCE7B5-DD5A-4F5B-87DF-30CDBEF28F46}.Debug|x64.Build.0 = Debug|Any CPU
		{ABDCE7B5-DD5A-4F5B-87DF-30CDBEF28F46}.Debug|x86.ActiveCfg = Debug|Any CPU
		{ABDCE7B5-DD5A-4F5B-87DF-30CDBEF28F46}.Debug|x86.Build.0 = Debug|Any CPU
		{ABDCE7B5-DD5A-4F5B-87DF-30CDBEF28F46}.Release|Any CPU.ActiveCfg = Release|Any CPU
		{ABDCE7B5-DD5A-4F5B-87DF-30CDBEF28F46}.Release|Any CPU.Build.0 = Release|Any CPU
		{ABDCE7B5-DD5A-4F5B-87DF-30CDBEF28F46}.Release|x64.ActiveCfg = Release|Any CPU
		{ABDCE7B5-DD5A-4F5B-87DF-30CDBEF28F46}.Release|x64.Build.0 = Release|Any CPU
		{ABDCE7B5-DD5A-4F5B-87DF-30CDBEF28F46}.Release|x86.ActiveCfg = Release|Any CPU
		{ABDCE7B5-DD5A-4F5B-87DF-30CDBEF28F46}.Release|x86.Build.0 = Release|Any CPU
		{DFEA3653-3B04-4199-9134-3F4BE2AB14F8}.Debug|Any CPU.ActiveCfg = Debug|Any CPU
		{DFEA3653-3B04-4199-9134-3F4BE2AB14F8}.Debug|Any CPU.Build.0 = Debug|Any CPU
		{DFEA3653-3B04-4199-9134-3F4BE2AB14F8}.Debug|x64.ActiveCfg = Debug|x64
		{DFEA3653-3B04-4199-9134-3F4BE2AB14F8}.Debug|x64.Build.0 = Debug|x64
		{DFEA3653-3B04-4199-9134-3F4BE2AB14F8}.Debug|x86.ActiveCfg = Debug|Any CPU
		{DFEA3653-3B04-4199-9134-3F4BE2AB14F8}.Debug|x86.Build.0 = Debug|Any CPU
		{DFEA3653-3B04-4199-9134-3F4BE2AB14F8}.Release|Any CPU.ActiveCfg = Release|Any CPU
		{DFEA3653-3B04-4199-9134-3F4BE2AB14F8}.Release|Any CPU.Build.0 = Release|Any CPU
		{DFEA3653-3B04-4199-9134-3F4BE2AB14F8}.Release|x64.ActiveCfg = Release|x64
		{DFEA3653-3B04-4199-9134-3F4BE2AB14F8}.Release|x64.Build.0 = Release|x64
		{DFEA3653-3B04-4199-9134-3F4BE2AB14F8}.Release|x86.ActiveCfg = Release|Any CPU
		{DFEA3653-3B04-4199-9134-3F4BE2AB14F8}.Release|x86.Build.0 = Release|Any CPU
		{60445E9B-66FE-43AA-8903-46D308DBECD8}.Debug|Any CPU.ActiveCfg = Debug|Any CPU
		{60445E9B-66FE-43AA-8903-46D308DBECD8}.Debug|Any CPU.Build.0 = Debug|Any CPU
		{60445E9B-66FE-43AA-8903-46D308DBECD8}.Debug|x64.ActiveCfg = Debug|x64
		{60445E9B-66FE-43AA-8903-46D308DBECD8}.Debug|x64.Build.0 = Debug|x64
		{60445E9B-66FE-43AA-8903-46D308DBECD8}.Debug|x86.ActiveCfg = Debug|Any CPU
		{60445E9B-66FE-43AA-8903-46D308DBECD8}.Debug|x86.Build.0 = Debug|Any CPU
		{60445E9B-66FE-43AA-8903-46D308DBECD8}.Release|Any CPU.ActiveCfg = Release|Any CPU
		{60445E9B-66FE-43AA-8903-46D308DBECD8}.Release|Any CPU.Build.0 = Release|Any CPU
		{60445E9B-66FE-43AA-8903-46D308DBECD8}.Release|x64.ActiveCfg = Release|x64
		{60445E9B-66FE-43AA-8903-46D308DBECD8}.Release|x64.Build.0 = Release|x64
		{60445E9B-66FE-43AA-8903-46D308DBECD8}.Release|x86.ActiveCfg = Release|Any CPU
		{60445E9B-66FE-43AA-8903-46D308DBECD8}.Release|x86.Build.0 = Release|Any CPU
		{A13BF6DF-AE71-4FAB-A890-FBE4F769A740}.Debug|Any CPU.ActiveCfg = Debug|Any CPU
		{A13BF6DF-AE71-4FAB-A890-FBE4F769A740}.Debug|Any CPU.Build.0 = Debug|Any CPU
		{A13BF6DF-AE71-4FAB-A890-FBE4F769A740}.Debug|x64.ActiveCfg = Debug|x64
		{A13BF6DF-AE71-4FAB-A890-FBE4F769A740}.Debug|x64.Build.0 = Debug|x64
		{A13BF6DF-AE71-4FAB-A890-FBE4F769A740}.Debug|x86.ActiveCfg = Debug|Any CPU
		{A13BF6DF-AE71-4FAB-A890-FBE4F769A740}.Debug|x86.Build.0 = Debug|Any CPU
		{A13BF6DF-AE71-4FAB-A890-FBE4F769A740}.Release|Any CPU.ActiveCfg = Release|Any CPU
		{A13BF6DF-AE71-4FAB-A890-FBE4F769A740}.Release|Any CPU.Build.0 = Release|Any CPU
		{A13BF6DF-AE71-4FAB-A890-FBE4F769A740}.Release|x64.ActiveCfg = Release|x64
		{A13BF6DF-AE71-4FAB-A890-FBE4F769A740}.Release|x64.Build.0 = Release|x64
		{A13BF6DF-AE71-4FAB-A890-FBE4F769A740}.Release|x86.ActiveCfg = Release|Any CPU
		{A13BF6DF-AE71-4FAB-A890-FBE4F769A740}.Release|x86.Build.0 = Release|Any CPU
		{3BA4461F-BBF2-4D91-8B7B-B8F394BB66D5}.Debug|Any CPU.ActiveCfg = Debug|Any CPU
		{3BA4461F-BBF2-4D91-8B7B-B8F394BB66D5}.Debug|Any CPU.Build.0 = Debug|Any CPU
		{3BA4461F-BBF2-4D91-8B7B-B8F394BB66D5}.Debug|x64.ActiveCfg = Debug|Any CPU
		{3BA4461F-BBF2-4D91-8B7B-B8F394BB66D5}.Debug|x64.Build.0 = Debug|Any CPU
		{3BA4461F-BBF2-4D91-8B7B-B8F394BB66D5}.Debug|x86.ActiveCfg = Debug|Any CPU
		{3BA4461F-BBF2-4D91-8B7B-B8F394BB66D5}.Debug|x86.Build.0 = Debug|Any CPU
		{3BA4461F-BBF2-4D91-8B7B-B8F394BB66D5}.Release|Any CPU.ActiveCfg = Release|Any CPU
		{3BA4461F-BBF2-4D91-8B7B-B8F394BB66D5}.Release|Any CPU.Build.0 = Release|Any CPU
		{3BA4461F-BBF2-4D91-8B7B-B8F394BB66D5}.Release|x64.ActiveCfg = Release|Any CPU
		{3BA4461F-BBF2-4D91-8B7B-B8F394BB66D5}.Release|x64.Build.0 = Release|Any CPU
		{3BA4461F-BBF2-4D91-8B7B-B8F394BB66D5}.Release|x86.ActiveCfg = Release|Any CPU
		{3BA4461F-BBF2-4D91-8B7B-B8F394BB66D5}.Release|x86.Build.0 = Release|Any CPU
		{68578E36-1A89-4BC1-BBB5-9CD490E34DBF}.Debug|Any CPU.ActiveCfg = Debug|Any CPU
		{68578E36-1A89-4BC1-BBB5-9CD490E34DBF}.Debug|Any CPU.Build.0 = Debug|Any CPU
		{68578E36-1A89-4BC1-BBB5-9CD490E34DBF}.Debug|x64.ActiveCfg = Debug|Any CPU
		{68578E36-1A89-4BC1-BBB5-9CD490E34DBF}.Debug|x64.Build.0 = Debug|Any CPU
		{68578E36-1A89-4BC1-BBB5-9CD490E34DBF}.Debug|x86.ActiveCfg = Debug|Any CPU
		{68578E36-1A89-4BC1-BBB5-9CD490E34DBF}.Debug|x86.Build.0 = Debug|Any CPU
		{68578E36-1A89-4BC1-BBB5-9CD490E34DBF}.Release|Any CPU.ActiveCfg = Release|Any CPU
		{68578E36-1A89-4BC1-BBB5-9CD490E34DBF}.Release|Any CPU.Build.0 = Release|Any CPU
		{68578E36-1A89-4BC1-BBB5-9CD490E34DBF}.Release|x64.ActiveCfg = Release|Any CPU
		{68578E36-1A89-4BC1-BBB5-9CD490E34DBF}.Release|x64.Build.0 = Release|Any CPU
		{68578E36-1A89-4BC1-BBB5-9CD490E34DBF}.Release|x86.ActiveCfg = Release|Any CPU
		{68578E36-1A89-4BC1-BBB5-9CD490E34DBF}.Release|x86.Build.0 = Release|Any CPU
	EndGlobalSection
	GlobalSection(SolutionProperties) = preSolution
		HideSolutionNode = FALSE
	EndGlobalSection
	GlobalSection(ExtensibilityGlobals) = postSolution
		SolutionGuid = {E4863659-5A8A-437A-8030-40BA5F772218}
	EndGlobalSection
EndGlobal
