
Microsoft Visual Studio Solution File, Format Version 12.00
# Visual Studio Version 16
VisualStudioVersion = 16.0.30717.126
MinimumVisualStudioVersion = 10.0.40219.1
Project("{2150E333-8FDC-42A3-9474-1A3956D46DE8}") = "Solution Items", "Solution Items", "{FA86D85B-BBCB-4D19-A025-7C27256515E9}"
	ProjectSection(SolutionItems) = preProject
		.gitignore = .gitignore
		README.md = README.md
	EndProjectSection
EndProject
Project("{9A19103F-16F7-4668-BE54-9A1E7A4F7556}") = "HelloPhotino.NET", "Photino.HelloPhotino.NET\HelloPhotino.NET.csproj", "{80D46AA9-0F05-4DEC-93B6-517845FCEC1B}"
EndProject
Project("{9A19103F-16F7-4668-BE54-9A1E7A4F7556}") = "HelloPhotino.Blazor", "Photino.HelloPhotino.Blazor\HelloPhotino.Blazor.csproj", "{E2928617-8185-4CD7-B11D-5D4486F1C553}"
EndProject
Project("{9A19103F-16F7-4668-BE54-9A1E7A4F7556}") = "HelloPhotino.Angular", "Photino.HelloPhotino.Angular\HelloPhotino.Angular.csproj", "{18B2F41F-9D52-4D4A-8375-B5E1677CE870}"
EndProject
Project("{9A19103F-16F7-4668-BE54-9A1E7A4F7556}") = "HelloPhotino.React", "Photino.HelloPhotino.React\HelloPhotino.React.csproj", "{4FBDD037-4058-4166-89F0-E75C4026CA36}"
EndProject
Project("{9A19103F-16F7-4668-BE54-9A1E7A4F7556}") = "HelloPhotino.Vue", "Photino.HelloPhotino.Vue\HelloPhotino.Vue.csproj", "{EFC7D5FB-323F-4529-A0DB-E57B8D409024}"
EndProject
Project("{9A19103F-16F7-4668-BE54-9A1E7A4F7556}") = "HelloPhotino.GRpc", "Photino.HelloPhotino.GRpc\HelloPhotino.GRpc.csproj", "{BEE66206-8CF1-4B52-9FE8-6B80DB0A8BDB}"
EndProject
Project("{9A19103F-16F7-4668-BE54-9A1E7A4F7556}") = "HelloPhotino.3d", "Photino.HelloPhotino.3d\HelloPhotino.3d.csproj", "{FB3CB07E-2A62-4A1A-8CCD-3008E88BD442}"
EndProject
Project("{2150E333-8FDC-42A3-9474-1A3956D46DE8}") = "Photino.HelloPhotino.AppWithAPI", "Photino.HelloPhotino.AppWithAPI", "{6CE4A5ED-83E1-4CEC-A7E3-F03B96604A88}"
EndProject
Project("{9A19103F-16F7-4668-BE54-9A1E7A4F7556}") = "PhotinoAPI", "Photino.HelloPhotino.AppWithAPI\PhotinoAPI\PhotinoAPI.csproj", "{4A9868B6-9996-4CAC-8BA2-A5B6627EC0CE}"
EndProject
Project("{9A19103F-16F7-4668-BE54-9A1E7A4F7556}") = "PhotinoApp", "Photino.HelloPhotino.AppWithAPI\PhotinoApp\PhotinoApp.csproj", "{8677E9AF-F2B4-4119-8553-4C77C2AF3470}"
EndProject
Project("{9A19103F-16F7-4668-BE54-9A1E7A4F7556}") = "HelloPhotino.MultiWindow", "Photino.HelloPhotino.MultiWindow\HelloPhotino.MultiWindow.csproj", "{05636144-2758-403E-A387-A376381BBE48}"
EndProject
Project("{2150E333-8FDC-42A3-9474-1A3956D46DE8}") = "Photino.HelloPhotino.3d.React", "Photino.HelloPhotino.3d.React", "{C53C03EB-6426-4530-9287-A60B9E436753}"
EndProject
Project("{9A19103F-16F7-4668-BE54-9A1E7A4F7556}") = "HelloPhotino.3d.React", "Photino.HelloPhotino.3d.React\HelloPhotino.3d.React\HelloPhotino.3d.React.csproj", "{D0EF2900-F3B9-42E7-A414-FB3354FC93A2}"
EndProject
Project("{2150E333-8FDC-42A3-9474-1A3956D46DE8}") = "HelloPhotino.3d.React.UserInterface", "HelloPhotino.3d.React.UserInterface", "{CE3749EA-23E0-4FCE-B581-E8B5637FD2B5}"
	ProjectSection(SolutionItems) = preProject
		Photino.HelloPhotino.3d.React\HelloPhotino.3d.React.UserInterface\package-lock.json = Photino.HelloPhotino.3d.React\HelloPhotino.3d.React.UserInterface\package-lock.json
		Photino.HelloPhotino.3d.React\HelloPhotino.3d.React.UserInterface\package.json = Photino.HelloPhotino.3d.React\HelloPhotino.3d.React.UserInterface\package.json
		Photino.HelloPhotino.3d.React\HelloPhotino.3d.React.UserInterface\README.md = Photino.HelloPhotino.3d.React\HelloPhotino.3d.React.UserInterface\README.md
		Photino.HelloPhotino.3d.React\HelloPhotino.3d.React.UserInterface\yarn.lock = Photino.HelloPhotino.3d.React\HelloPhotino.3d.React.UserInterface\yarn.lock
	EndProjectSection
EndProject
Project("{2150E333-8FDC-42A3-9474-1A3956D46DE8}") = "build", "build", "{8242AE67-11CB-4E99-9160-1B7632DD534A}"
	ProjectSection(SolutionItems) = preProject
		Photino.HelloPhotino.3d.React\HelloPhotino.3d.React.UserInterface\build\asset-manifest.json = Photino.HelloPhotino.3d.React\HelloPhotino.3d.React.UserInterface\build\asset-manifest.json
		Photino.HelloPhotino.3d.React\HelloPhotino.3d.React.UserInterface\build\favicon.ico = Photino.HelloPhotino.3d.React\HelloPhotino.3d.React.UserInterface\build\favicon.ico
		Photino.HelloPhotino.3d.React\HelloPhotino.3d.React.UserInterface\build\index.html = Photino.HelloPhotino.3d.React\HelloPhotino.3d.React.UserInterface\build\index.html
		Photino.HelloPhotino.3d.React\HelloPhotino.3d.React.UserInterface\build\logo192.png = Photino.HelloPhotino.3d.React\HelloPhotino.3d.React.UserInterface\build\logo192.png
		Photino.HelloPhotino.3d.React\HelloPhotino.3d.React.UserInterface\build\logo512.png = Photino.HelloPhotino.3d.React\HelloPhotino.3d.React.UserInterface\build\logo512.png
		Photino.HelloPhotino.3d.React\HelloPhotino.3d.React.UserInterface\build\manifest.json = Photino.HelloPhotino.3d.React\HelloPhotino.3d.React.UserInterface\build\manifest.json
		Photino.HelloPhotino.3d.React\HelloPhotino.3d.React.UserInterface\build\precache-manifest.b5b95cb613b7c2b2df1b9d5397d6c9d9.js = Photino.HelloPhotino.3d.React\HelloPhotino.3d.React.UserInterface\build\precache-manifest.b5b95cb613b7c2b2df1b9d5397d6c9d9.js
		Photino.HelloPhotino.3d.React\HelloPhotino.3d.React.UserInterface\build\robots.txt = Photino.HelloPhotino.3d.React\HelloPhotino.3d.React.UserInterface\build\robots.txt
		Photino.HelloPhotino.3d.React\HelloPhotino.3d.React.UserInterface\build\service-worker.js = Photino.HelloPhotino.3d.React\HelloPhotino.3d.React.UserInterface\build\service-worker.js
	EndProjectSection
EndProject
Project("{2150E333-8FDC-42A3-9474-1A3956D46DE8}") = "static", "static", "{97638272-723F-4374-BE33-60CBEF48BEAA}"
EndProject
Project("{2150E333-8FDC-42A3-9474-1A3956D46DE8}") = "css", "css", "{ED52894B-AF57-42D5-BB81-CB4AD8E7D7B7}"
	ProjectSection(SolutionItems) = preProject
		Photino.HelloPhotino.3d.React\HelloPhotino.3d.React.UserInterface\build\static\css\main.b100e6da.chunk.css = Photino.HelloPhotino.3d.React\HelloPhotino.3d.React.UserInterface\build\static\css\main.b100e6da.chunk.css
		Photino.HelloPhotino.3d.React\HelloPhotino.3d.React.UserInterface\build\static\css\main.b100e6da.chunk.css.map = Photino.HelloPhotino.3d.React\HelloPhotino.3d.React.UserInterface\build\static\css\main.b100e6da.chunk.css.map
	EndProjectSection
EndProject
Project("{2150E333-8FDC-42A3-9474-1A3956D46DE8}") = "js", "js", "{7D3E0E17-E0B4-4B3A-A1DB-468533773FAC}"
	ProjectSection(SolutionItems) = preProject
		Photino.HelloPhotino.3d.React\HelloPhotino.3d.React.UserInterface\build\static\js\2.f62043dd.chunk.js = Photino.HelloPhotino.3d.React\HelloPhotino.3d.React.UserInterface\build\static\js\2.f62043dd.chunk.js
		Photino.HelloPhotino.3d.React\HelloPhotino.3d.React.UserInterface\build\static\js\2.f62043dd.chunk.js.map = Photino.HelloPhotino.3d.React\HelloPhotino.3d.React.UserInterface\build\static\js\2.f62043dd.chunk.js.map
		Photino.HelloPhotino.3d.React\HelloPhotino.3d.React.UserInterface\build\static\js\main.12cea4e0.chunk.js = Photino.HelloPhotino.3d.React\HelloPhotino.3d.React.UserInterface\build\static\js\main.12cea4e0.chunk.js
		Photino.HelloPhotino.3d.React\HelloPhotino.3d.React.UserInterface\build\static\js\main.12cea4e0.chunk.js.map = Photino.HelloPhotino.3d.React\HelloPhotino.3d.React.UserInterface\build\static\js\main.12cea4e0.chunk.js.map
		Photino.HelloPhotino.3d.React\HelloPhotino.3d.React.UserInterface\build\static\js\runtime-main.4c72db2f.js = Photino.HelloPhotino.3d.React\HelloPhotino.3d.React.UserInterface\build\static\js\runtime-main.4c72db2f.js
		Photino.HelloPhotino.3d.React\HelloPhotino.3d.React.UserInterface\build\static\js\runtime-main.4c72db2f.js.map = Photino.HelloPhotino.3d.React\HelloPhotino.3d.React.UserInterface\build\static\js\runtime-main.4c72db2f.js.map
	EndProjectSection
EndProject
Project("{2150E333-8FDC-42A3-9474-1A3956D46DE8}") = "config", "config", "{19B039E6-7DA3-4062-B2B8-F027F1194007}"
	ProjectSection(SolutionItems) = preProject
		Photino.HelloPhotino.3d.React\HelloPhotino.3d.React.UserInterface\config\env.js = Photino.HelloPhotino.3d.React\HelloPhotino.3d.React.UserInterface\config\env.js
		Photino.HelloPhotino.3d.React\HelloPhotino.3d.React.UserInterface\config\modules.js = Photino.HelloPhotino.3d.React\HelloPhotino.3d.React.UserInterface\config\modules.js
		Photino.HelloPhotino.3d.React\HelloPhotino.3d.React.UserInterface\config\paths.js = Photino.HelloPhotino.3d.React\HelloPhotino.3d.React.UserInterface\config\paths.js
		Photino.HelloPhotino.3d.React\HelloPhotino.3d.React.UserInterface\config\pnpTs.js = Photino.HelloPhotino.3d.React\HelloPhotino.3d.React.UserInterface\config\pnpTs.js
		Photino.HelloPhotino.3d.React\HelloPhotino.3d.React.UserInterface\config\webpack.config.js = Photino.HelloPhotino.3d.React\HelloPhotino.3d.React.UserInterface\config\webpack.config.js
		Photino.HelloPhotino.3d.React\HelloPhotino.3d.React.UserInterface\config\webpackDevServer.config.js = Photino.HelloPhotino.3d.React\HelloPhotino.3d.React.UserInterface\config\webpackDevServer.config.js
	EndProjectSection
EndProject
Project("{2150E333-8FDC-42A3-9474-1A3956D46DE8}") = "jest", "jest", "{8BDC93B6-1E45-4EF1-AE07-E7D2C57B8610}"
	ProjectSection(SolutionItems) = preProject
		Photino.HelloPhotino.3d.React\HelloPhotino.3d.React.UserInterface\config\jest\cssTransform.js = Photino.HelloPhotino.3d.React\HelloPhotino.3d.React.UserInterface\config\jest\cssTransform.js
		Photino.HelloPhotino.3d.React\HelloPhotino.3d.React.UserInterface\config\jest\fileTransform.js = Photino.HelloPhotino.3d.React\HelloPhotino.3d.React.UserInterface\config\jest\fileTransform.js
	EndProjectSection
EndProject
Project("{2150E333-8FDC-42A3-9474-1A3956D46DE8}") = "public", "public", "{913EA6DC-BBC8-4EEB-BCFE-C2F47074E042}"
	ProjectSection(SolutionItems) = preProject
		Photino.HelloPhotino.3d.React\HelloPhotino.3d.React.UserInterface\public\favicon.ico = Photino.HelloPhotino.3d.React\HelloPhotino.3d.React.UserInterface\public\favicon.ico
		Photino.HelloPhotino.3d.React\HelloPhotino.3d.React.UserInterface\public\index.html = Photino.HelloPhotino.3d.React\HelloPhotino.3d.React.UserInterface\public\index.html
		Photino.HelloPhotino.3d.React\HelloPhotino.3d.React.UserInterface\public\logo192.png = Photino.HelloPhotino.3d.React\HelloPhotino.3d.React.UserInterface\public\logo192.png
		Photino.HelloPhotino.3d.React\HelloPhotino.3d.React.UserInterface\public\logo512.png = Photino.HelloPhotino.3d.React\HelloPhotino.3d.React.UserInterface\public\logo512.png
		Photino.HelloPhotino.3d.React\HelloPhotino.3d.React.UserInterface\public\manifest.json = Photino.HelloPhotino.3d.React\HelloPhotino.3d.React.UserInterface\public\manifest.json
		Photino.HelloPhotino.3d.React\HelloPhotino.3d.React.UserInterface\public\robots.txt = Photino.HelloPhotino.3d.React\HelloPhotino.3d.React.UserInterface\public\robots.txt
	EndProjectSection
EndProject
Project("{2150E333-8FDC-42A3-9474-1A3956D46DE8}") = "scripts", "scripts", "{71247BEE-1DA0-46D9-96C7-15902031769C}"
	ProjectSection(SolutionItems) = preProject
		Photino.HelloPhotino.3d.React\HelloPhotino.3d.React.UserInterface\scripts\build.js = Photino.HelloPhotino.3d.React\HelloPhotino.3d.React.UserInterface\scripts\build.js
		Photino.HelloPhotino.3d.React\HelloPhotino.3d.React.UserInterface\scripts\start.js = Photino.HelloPhotino.3d.React\HelloPhotino.3d.React.UserInterface\scripts\start.js
		Photino.HelloPhotino.3d.React\HelloPhotino.3d.React.UserInterface\scripts\test.js = Photino.HelloPhotino.3d.React\HelloPhotino.3d.React.UserInterface\scripts\test.js
	EndProjectSection
EndProject
Project("{2150E333-8FDC-42A3-9474-1A3956D46DE8}") = "src", "src", "{A5ED8BA6-4F11-409E-99E1-2AF3AB7A5E3A}"
	ProjectSection(SolutionItems) = preProject
		Photino.HelloPhotino.3d.React\HelloPhotino.3d.React.UserInterface\src\App.css = Photino.HelloPhotino.3d.React\HelloPhotino.3d.React.UserInterface\src\App.css
		Photino.HelloPhotino.3d.React\HelloPhotino.3d.React.UserInterface\src\App.js = Photino.HelloPhotino.3d.React\HelloPhotino.3d.React.UserInterface\src\App.js
		Photino.HelloPhotino.3d.React\HelloPhotino.3d.React.UserInterface\src\App.test.js = Photino.HelloPhotino.3d.React\HelloPhotino.3d.React.UserInterface\src\App.test.js
		Photino.HelloPhotino.3d.React\HelloPhotino.3d.React.UserInterface\src\index.css = Photino.HelloPhotino.3d.React\HelloPhotino.3d.React.UserInterface\src\index.css
		Photino.HelloPhotino.3d.React\HelloPhotino.3d.React.UserInterface\src\index.js = Photino.HelloPhotino.3d.React\HelloPhotino.3d.React.UserInterface\src\index.js
		Photino.HelloPhotino.3d.React\HelloPhotino.3d.React.UserInterface\src\serviceWorker.js = Photino.HelloPhotino.3d.React\HelloPhotino.3d.React.UserInterface\src\serviceWorker.js
	EndProjectSection
EndProject
Project("{2150E333-8FDC-42A3-9474-1A3956D46DE8}") = "components", "components", "{2E66D5B6-1306-4B79-BE4F-BE7341C9FDCE}"
	ProjectSection(SolutionItems) = preProject
		Photino.HelloPhotino.3d.React\HelloPhotino.3d.React.UserInterface\src\components\ThreeContainer.js = Photino.HelloPhotino.3d.React\HelloPhotino.3d.React.UserInterface\src\components\ThreeContainer.js
	EndProjectSection
EndProject
Project("{2150E333-8FDC-42A3-9474-1A3956D46DE8}") = "threejs", "threejs", "{50B8276D-6761-4175-A430-8C8CD05D299C}"
	ProjectSection(SolutionItems) = preProject
		Photino.HelloPhotino.3d.React\HelloPhotino.3d.React.UserInterface\src\threejs\myfont.js = Photino.HelloPhotino.3d.React\HelloPhotino.3d.React.UserInterface\src\threejs\myfont.js
		Photino.HelloPhotino.3d.React\HelloPhotino.3d.React.UserInterface\src\threejs\ThreeEntryPoint.js = Photino.HelloPhotino.3d.React\HelloPhotino.3d.React.UserInterface\src\threejs\ThreeEntryPoint.js
	EndProjectSection
EndProject
Project("{9A19103F-16F7-4668-BE54-9A1E7A4F7556}") = "HelloPhotino.AdvancedNET", "Photino.HelloPhotino.AdvancedNET\HelloPhotino.AdvancedNET.csproj", "{349BB1E2-B4F3-4960-900C-101C4D0FFB80}"
EndProject
Global
	GlobalSection(SolutionConfigurationPlatforms) = preSolution
		Debug|Any CPU = Debug|Any CPU
		Debug|x64 = Debug|x64
		Release|Any CPU = Release|Any CPU
		Release|x64 = Release|x64
	EndGlobalSection
	GlobalSection(ProjectConfigurationPlatforms) = postSolution
		{80D46AA9-0F05-4DEC-93B6-517845FCEC1B}.Debug|Any CPU.ActiveCfg = Debug|Any CPU
		{80D46AA9-0F05-4DEC-93B6-517845FCEC1B}.Debug|Any CPU.Build.0 = Debug|Any CPU
		{80D46AA9-0F05-4DEC-93B6-517845FCEC1B}.Debug|x64.ActiveCfg = Debug|Any CPU
		{80D46AA9-0F05-4DEC-93B6-517845FCEC1B}.Debug|x64.Build.0 = Debug|Any CPU
		{80D46AA9-0F05-4DEC-93B6-517845FCEC1B}.Release|Any CPU.ActiveCfg = Release|Any CPU
		{80D46AA9-0F05-4DEC-93B6-517845FCEC1B}.Release|Any CPU.Build.0 = Release|Any CPU
		{80D46AA9-0F05-4DEC-93B6-517845FCEC1B}.Release|x64.ActiveCfg = Release|x64
		{80D46AA9-0F05-4DEC-93B6-517845FCEC1B}.Release|x64.Build.0 = Release|x64
		{E2928617-8185-4CD7-B11D-5D4486F1C553}.Debug|Any CPU.ActiveCfg = Debug|Any CPU
		{E2928617-8185-4CD7-B11D-5D4486F1C553}.Debug|Any CPU.Build.0 = Debug|Any CPU
		{E2928617-8185-4CD7-B11D-5D4486F1C553}.Debug|x64.ActiveCfg = Debug|Any CPU
		{E2928617-8185-4CD7-B11D-5D4486F1C553}.Debug|x64.Build.0 = Debug|Any CPU
		{E2928617-8185-4CD7-B11D-5D4486F1C553}.Release|Any CPU.ActiveCfg = Release|Any CPU
		{E2928617-8185-4CD7-B11D-5D4486F1C553}.Release|Any CPU.Build.0 = Release|Any CPU
		{E2928617-8185-4CD7-B11D-5D4486F1C553}.Release|x64.ActiveCfg = Release|Any CPU
		{E2928617-8185-4CD7-B11D-5D4486F1C553}.Release|x64.Build.0 = Release|Any CPU
		{18B2F41F-9D52-4D4A-8375-B5E1677CE870}.Debug|Any CPU.ActiveCfg = Debug|Any CPU
		{18B2F41F-9D52-4D4A-8375-B5E1677CE870}.Debug|Any CPU.Build.0 = Debug|Any CPU
		{18B2F41F-9D52-4D4A-8375-B5E1677CE870}.Debug|x64.ActiveCfg = Debug|Any CPU
		{18B2F41F-9D52-4D4A-8375-B5E1677CE870}.Debug|x64.Build.0 = Debug|Any CPU
		{18B2F41F-9D52-4D4A-8375-B5E1677CE870}.Release|Any CPU.ActiveCfg = Release|Any CPU
		{18B2F41F-9D52-4D4A-8375-B5E1677CE870}.Release|Any CPU.Build.0 = Release|Any CPU
		{18B2F41F-9D52-4D4A-8375-B5E1677CE870}.Release|x64.ActiveCfg = Release|x64
		{18B2F41F-9D52-4D4A-8375-B5E1677CE870}.Release|x64.Build.0 = Release|x64
		{4FBDD037-4058-4166-89F0-E75C4026CA36}.Debug|Any CPU.ActiveCfg = Debug|Any CPU
		{4FBDD037-4058-4166-89F0-E75C4026CA36}.Debug|Any CPU.Build.0 = Debug|Any CPU
		{4FBDD037-4058-4166-89F0-E75C4026CA36}.Debug|x64.ActiveCfg = Debug|Any CPU
		{4FBDD037-4058-4166-89F0-E75C4026CA36}.Debug|x64.Build.0 = Debug|Any CPU
		{4FBDD037-4058-4166-89F0-E75C4026CA36}.Release|Any CPU.ActiveCfg = Release|Any CPU
		{4FBDD037-4058-4166-89F0-E75C4026CA36}.Release|Any CPU.Build.0 = Release|Any CPU
		{4FBDD037-4058-4166-89F0-E75C4026CA36}.Release|x64.ActiveCfg = Release|x64
		{4FBDD037-4058-4166-89F0-E75C4026CA36}.Release|x64.Build.0 = Release|x64
		{EFC7D5FB-323F-4529-A0DB-E57B8D409024}.Debug|Any CPU.ActiveCfg = Debug|Any CPU
		{EFC7D5FB-323F-4529-A0DB-E57B8D409024}.Debug|Any CPU.Build.0 = Debug|Any CPU
		{EFC7D5FB-323F-4529-A0DB-E57B8D409024}.Debug|x64.ActiveCfg = Debug|Any CPU
		{EFC7D5FB-323F-4529-A0DB-E57B8D409024}.Debug|x64.Build.0 = Debug|Any CPU
		{EFC7D5FB-323F-4529-A0DB-E57B8D409024}.Release|Any CPU.ActiveCfg = Release|Any CPU
		{EFC7D5FB-323F-4529-A0DB-E57B8D409024}.Release|Any CPU.Build.0 = Release|Any CPU
		{EFC7D5FB-323F-4529-A0DB-E57B8D409024}.Release|x64.ActiveCfg = Release|x64
		{EFC7D5FB-323F-4529-A0DB-E57B8D409024}.Release|x64.Build.0 = Release|x64
		{BEE66206-8CF1-4B52-9FE8-6B80DB0A8BDB}.Debug|Any CPU.ActiveCfg = Debug|Any CPU
		{BEE66206-8CF1-4B52-9FE8-6B80DB0A8BDB}.Debug|Any CPU.Build.0 = Debug|Any CPU
		{BEE66206-8CF1-4B52-9FE8-6B80DB0A8BDB}.Debug|x64.ActiveCfg = Debug|Any CPU
		{BEE66206-8CF1-4B52-9FE8-6B80DB0A8BDB}.Debug|x64.Build.0 = Debug|Any CPU
		{BEE66206-8CF1-4B52-9FE8-6B80DB0A8BDB}.Release|Any CPU.ActiveCfg = Release|Any CPU
		{BEE66206-8CF1-4B52-9FE8-6B80DB0A8BDB}.Release|Any CPU.Build.0 = Release|Any CPU
		{BEE66206-8CF1-4B52-9FE8-6B80DB0A8BDB}.Release|x64.ActiveCfg = Release|Any CPU
		{BEE66206-8CF1-4B52-9FE8-6B80DB0A8BDB}.Release|x64.Build.0 = Release|Any CPU
		{FB3CB07E-2A62-4A1A-8CCD-3008E88BD442}.Debug|Any CPU.ActiveCfg = Debug|Any CPU
		{FB3CB07E-2A62-4A1A-8CCD-3008E88BD442}.Debug|Any CPU.Build.0 = Debug|Any CPU
		{FB3CB07E-2A62-4A1A-8CCD-3008E88BD442}.Debug|x64.ActiveCfg = Debug|Any CPU
		{FB3CB07E-2A62-4A1A-8CCD-3008E88BD442}.Debug|x64.Build.0 = Debug|Any CPU
		{FB3CB07E-2A62-4A1A-8CCD-3008E88BD442}.Release|Any CPU.ActiveCfg = Release|Any CPU
		{FB3CB07E-2A62-4A1A-8CCD-3008E88BD442}.Release|Any CPU.Build.0 = Release|Any CPU
		{FB3CB07E-2A62-4A1A-8CCD-3008E88BD442}.Release|x64.ActiveCfg = Release|Any CPU
		{FB3CB07E-2A62-4A1A-8CCD-3008E88BD442}.Release|x64.Build.0 = Release|Any CPU
		{4A9868B6-9996-4CAC-8BA2-A5B6627EC0CE}.Debug|Any CPU.ActiveCfg = Debug|Any CPU
		{4A9868B6-9996-4CAC-8BA2-A5B6627EC0CE}.Debug|Any CPU.Build.0 = Debug|Any CPU
		{4A9868B6-9996-4CAC-8BA2-A5B6627EC0CE}.Debug|x64.ActiveCfg = Debug|Any CPU
		{4A9868B6-9996-4CAC-8BA2-A5B6627EC0CE}.Debug|x64.Build.0 = Debug|Any CPU
		{4A9868B6-9996-4CAC-8BA2-A5B6627EC0CE}.Release|Any CPU.ActiveCfg = Release|Any CPU
		{4A9868B6-9996-4CAC-8BA2-A5B6627EC0CE}.Release|Any CPU.Build.0 = Release|Any CPU
		{4A9868B6-9996-4CAC-8BA2-A5B6627EC0CE}.Release|x64.ActiveCfg = Release|Any CPU
		{4A9868B6-9996-4CAC-8BA2-A5B6627EC0CE}.Release|x64.Build.0 = Release|Any CPU
		{8677E9AF-F2B4-4119-8553-4C77C2AF3470}.Debug|Any CPU.ActiveCfg = Debug|Any CPU
		{8677E9AF-F2B4-4119-8553-4C77C2AF3470}.Debug|Any CPU.Build.0 = Debug|Any CPU
		{8677E9AF-F2B4-4119-8553-4C77C2AF3470}.Debug|x64.ActiveCfg = Debug|Any CPU
		{8677E9AF-F2B4-4119-8553-4C77C2AF3470}.Debug|x64.Build.0 = Debug|Any CPU
		{8677E9AF-F2B4-4119-8553-4C77C2AF3470}.Release|Any CPU.ActiveCfg = Release|Any CPU
		{8677E9AF-F2B4-4119-8553-4C77C2AF3470}.Release|Any CPU.Build.0 = Release|Any CPU
		{8677E9AF-F2B4-4119-8553-4C77C2AF3470}.Release|x64.ActiveCfg = Release|Any CPU
		{8677E9AF-F2B4-4119-8553-4C77C2AF3470}.Release|x64.Build.0 = Release|Any CPU
		{05636144-2758-403E-A387-A376381BBE48}.Debug|Any CPU.ActiveCfg = Debug|Any CPU
		{05636144-2758-403E-A387-A376381BBE48}.Debug|Any CPU.Build.0 = Debug|Any CPU
		{05636144-2758-403E-A387-A376381BBE48}.Debug|x64.ActiveCfg = Debug|Any CPU
		{05636144-2758-403E-A387-A376381BBE48}.Debug|x64.Build.0 = Debug|Any CPU
		{05636144-2758-403E-A387-A376381BBE48}.Release|Any CPU.ActiveCfg = Release|Any CPU
		{05636144-2758-403E-A387-A376381BBE48}.Release|Any CPU.Build.0 = Release|Any CPU
		{05636144-2758-403E-A387-A376381BBE48}.Release|x64.ActiveCfg = Release|Any CPU
		{05636144-2758-403E-A387-A376381BBE48}.Release|x64.Build.0 = Release|Any CPU
		{D0EF2900-F3B9-42E7-A414-FB3354FC93A2}.Debug|Any CPU.ActiveCfg = Debug|Any CPU
		{D0EF2900-F3B9-42E7-A414-FB3354FC93A2}.Debug|Any CPU.Build.0 = Debug|Any CPU
		{D0EF2900-F3B9-42E7-A414-FB3354FC93A2}.Debug|x64.ActiveCfg = Debug|x64
		{D0EF2900-F3B9-42E7-A414-FB3354FC93A2}.Debug|x64.Build.0 = Debug|x64
		{D0EF2900-F3B9-42E7-A414-FB3354FC93A2}.Release|Any CPU.ActiveCfg = Release|Any CPU
		{D0EF2900-F3B9-42E7-A414-FB3354FC93A2}.Release|Any CPU.Build.0 = Release|Any CPU
		{D0EF2900-F3B9-42E7-A414-FB3354FC93A2}.Release|x64.ActiveCfg = Release|x64
		{D0EF2900-F3B9-42E7-A414-FB3354FC93A2}.Release|x64.Build.0 = Release|x64
		{349BB1E2-B4F3-4960-900C-101C4D0FFB80}.Debug|Any CPU.ActiveCfg = Debug|Any CPU
		{349BB1E2-B4F3-4960-900C-101C4D0FFB80}.Debug|Any CPU.Build.0 = Debug|Any CPU
		{349BB1E2-B4F3-4960-900C-101C4D0FFB80}.Debug|x64.ActiveCfg = Debug|x64
		{349BB1E2-B4F3-4960-900C-101C4D0FFB80}.Debug|x64.Build.0 = Debug|x64
		{349BB1E2-B4F3-4960-900C-101C4D0FFB80}.Release|Any CPU.ActiveCfg = Release|Any CPU
		{349BB1E2-B4F3-4960-900C-101C4D0FFB80}.Release|Any CPU.Build.0 = Release|Any CPU
		{349BB1E2-B4F3-4960-900C-101C4D0FFB80}.Release|x64.ActiveCfg = Release|x64
		{349BB1E2-B4F3-4960-900C-101C4D0FFB80}.Release|x64.Build.0 = Release|x64
	EndGlobalSection
	GlobalSection(SolutionProperties) = preSolution
		HideSolutionNode = FALSE
	EndGlobalSection
	GlobalSection(NestedProjects) = preSolution
		{4A9868B6-9996-4CAC-8BA2-A5B6627EC0CE} = {6CE4A5ED-83E1-4CEC-A7E3-F03B96604A88}
		{8677E9AF-F2B4-4119-8553-4C77C2AF3470} = {6CE4A5ED-83E1-4CEC-A7E3-F03B96604A88}
		{D0EF2900-F3B9-42E7-A414-FB3354FC93A2} = {C53C03EB-6426-4530-9287-A60B9E436753}
		{CE3749EA-23E0-4FCE-B581-E8B5637FD2B5} = {C53C03EB-6426-4530-9287-A60B9E436753}
		{8242AE67-11CB-4E99-9160-1B7632DD534A} = {CE3749EA-23E0-4FCE-B581-E8B5637FD2B5}
		{97638272-723F-4374-BE33-60CBEF48BEAA} = {8242AE67-11CB-4E99-9160-1B7632DD534A}
		{ED52894B-AF57-42D5-BB81-CB4AD8E7D7B7} = {97638272-723F-4374-BE33-60CBEF48BEAA}
		{7D3E0E17-E0B4-4B3A-A1DB-468533773FAC} = {97638272-723F-4374-BE33-60CBEF48BEAA}
		{19B039E6-7DA3-4062-B2B8-F027F1194007} = {CE3749EA-23E0-4FCE-B581-E8B5637FD2B5}
		{8BDC93B6-1E45-4EF1-AE07-E7D2C57B8610} = {19B039E6-7DA3-4062-B2B8-F027F1194007}
		{913EA6DC-BBC8-4EEB-BCFE-C2F47074E042} = {CE3749EA-23E0-4FCE-B581-E8B5637FD2B5}
		{71247BEE-1DA0-46D9-96C7-15902031769C} = {CE3749EA-23E0-4FCE-B581-E8B5637FD2B5}
		{A5ED8BA6-4F11-409E-99E1-2AF3AB7A5E3A} = {CE3749EA-23E0-4FCE-B581-E8B5637FD2B5}
		{2E66D5B6-1306-4B79-BE4F-BE7341C9FDCE} = {A5ED8BA6-4F11-409E-99E1-2AF3AB7A5E3A}
		{50B8276D-6761-4175-A430-8C8CD05D299C} = {A5ED8BA6-4F11-409E-99E1-2AF3AB7A5E3A}
	EndGlobalSection
	GlobalSection(ExtensibilityGlobals) = postSolution
		SolutionGuid = {479EC306-1E53-43A8-B7AD-5A2070D22488}
	EndGlobalSection
EndGlobal
