
Microsoft Visual Studio Solution File, Format Version 12.00
# Visual Studio 15
VisualStudioVersion = 15.0.26124.0
MinimumVisualStudioVersion = 15.0.26124.0
Project("{FAE04EC0-301F-11D3-BF4B-00C04F79EFBC}") = "PhotinoApp", "PhotinoApp\PhotinoApp.csproj", "{396C6BF7-DA5C-4427-A319-6606F5A65045}"
EndProject
Project("{FAE04EC0-301F-11D3-BF4B-00C04F79EFBC}") = "PhotinoAPI", "PhotinoAPI\PhotinoAPI.csproj", "{F693DC7E-BAA9-4053-9F58-A524CAA87EE6}"
EndProject
Global
	GlobalSection(SolutionConfigurationPlatforms) = preSolution
		Debug|Any CPU = Debug|Any CPU
		Debug|x64 = Debug|x64
		Debug|x86 = Debug|x86
		Release|Any CPU = Release|Any CPU
		Release|x64 = Release|x64
		Release|x86 = Release|x86
	EndGlobalSection
	GlobalSection(SolutionProperties) = preSolution
		HideSolutionNode = FALSE
	EndGlobalSection
	GlobalSection(ProjectConfigurationPlatforms) = postSolution
		{396C6BF7-DA5C-4427-A319-6606F5A65045}.Debug|Any CPU.ActiveCfg = Debug|Any CPU
		{396C6BF7-DA5C-4427-A319-6606F5A65045}.Debug|Any CPU.Build.0 = Debug|Any CPU
		{396C6BF7-DA5C-4427-A319-6606F5A65045}.Debug|x64.ActiveCfg = Debug|Any CPU
		{396C6BF7-DA5C-4427-A319-6606F5A65045}.Debug|x64.Build.0 = Debug|Any CPU
		{396C6BF7-DA5C-4427-A319-6606F5A65045}.Debug|x86.ActiveCfg = Debug|Any CPU
		{396C6BF7-DA5C-4427-A319-6606F5A65045}.Debug|x86.Build.0 = Debug|Any CPU
		{396C6BF7-DA5C-4427-A319-6606F5A65045}.Release|Any CPU.ActiveCfg = Release|Any CPU
		{396C6BF7-DA5C-4427-A319-6606F5A65045}.Release|Any CPU.Build.0 = Release|Any CPU
		{396C6BF7-DA5C-4427-A319-6606F5A65045}.Release|x64.ActiveCfg = Release|Any CPU
		{396C6BF7-DA5C-4427-A319-6606F5A65045}.Release|x64.Build.0 = Release|Any CPU
		{396C6BF7-DA5C-4427-A319-6606F5A65045}.Release|x86.ActiveCfg = Release|Any CPU
		{396C6BF7-DA5C-4427-A319-6606F5A65045}.Release|x86.Build.0 = Release|Any CPU
		{F693DC7E-BAA9-4053-9F58-A524CAA87EE6}.Debug|Any CPU.ActiveCfg = Debug|Any CPU
		{F693DC7E-BAA9-4053-9F58-A524CAA87EE6}.Debug|Any CPU.Build.0 = Debug|Any CPU
		{F693DC7E-BAA9-4053-9F58-A524CAA87EE6}.Debug|x64.ActiveCfg = Debug|Any CPU
		{F693DC7E-BAA9-4053-9F58-A524CAA87EE6}.Debug|x64.Build.0 = Debug|Any CPU
		{F693DC7E-BAA9-4053-9F58-A524CAA87EE6}.Debug|x86.ActiveCfg = Debug|Any CPU
		{F693DC7E-BAA9-4053-9F58-A524CAA87EE6}.Debug|x86.Build.0 = Debug|Any CPU
		{F693DC7E-BAA9-4053-9F58-A524CAA87EE6}.Release|Any CPU.ActiveCfg = Release|Any CPU
		{F693DC7E-BAA9-4053-9F58-A524CAA87EE6}.Release|Any CPU.Build.0 = Release|Any CPU
		{F693DC7E-BAA9-4053-9F58-A524CAA87EE6}.Release|x64.ActiveCfg = Release|Any CPU
		{F693DC7E-BAA9-4053-9F58-A524CAA87EE6}.Release|x64.Build.0 = Release|Any CPU
		{F693DC7E-BAA9-4053-9F58-A524CAA87EE6}.Release|x86.ActiveCfg = Release|Any CPU
		{F693DC7E-BAA9-4053-9F58-A524CAA87EE6}.Release|x86.Build.0 = Release|Any CPU
	EndGlobalSection
EndGlobal
