
Microsoft Visual Studio Solution File, Format Version 12.00
# Visual Studio Version 17
VisualStudioVersion = 17.5.002.0
MinimumVisualStudioVersion = 10.0.40219.1
Project("{9A19103F-16F7-4668-BE54-9A1E7A4F7556}") = "HelloPhotino.Menus", "HelloPhotino.Menus.csproj", "{0922B00E-9DB3-4602-A051-4B586F1C8792}"
EndProject
Global
	GlobalSection(SolutionConfigurationPlatforms) = preSolution
		Debug|Any CPU = Debug|Any CPU
		Release|Any CPU = Release|Any CPU
	EndGlobalSection
	GlobalSection(ProjectConfigurationPlatforms) = postSolution
		{0922B00E-9DB3-4602-A051-4B586F1C8792}.Debug|Any CPU.ActiveCfg = Debug|Any CPU
		{0922B00E-9DB3-4602-A051-4B586F1C8792}.Debug|Any CPU.Build.0 = Debug|Any CPU
		{0922B00E-9DB3-4602-A051-4B586F1C8792}.Release|Any CPU.ActiveCfg = Release|Any CPU
		{0922B00E-9DB3-4602-A051-4B586F1C8792}.Release|Any CPU.Build.0 = Release|Any CPU
	EndGlobalSection
	GlobalSection(SolutionProperties) = preSolution
		HideSolutionNode = FALSE
	EndGlobalSection
	GlobalSection(ExtensibilityGlobals) = postSolution
		SolutionGuid = {D1C8742D-4399-4AFF-B245-D43C52B4EDFE}
	EndGlobalSection
EndGlobal
